// !$*UTF8*$!
{
	archiveVersion = 1;
	classes = {
	};
	objectVersion = 50;
	objects = {

/* Begin PBXBuildFile section */
		33781B0B222280D500F3B9D1 /* AppDelegate.swift in Sources */ = {isa = PBXBuildFile; fileRef = 33781B0A222280D500F3B9D1 /* AppDelegate.swift */; };
		33781B0D222280D500F3B9D1 /* ViewController.swift in Sources */ = {isa = PBXBuildFile; fileRef = 33781B0C222280D500F3B9D1 /* ViewController.swift */; };
		33781B10222280D500F3B9D1 /* Main.storyboard in Resources */ = {isa = PBXBuildFile; fileRef = 33781B0E222280D500F3B9D1 /* Main.storyboard */; };
		33781B12222280D700F3B9D1 /* Assets.xcassets in Resources */ = {isa = PBXBuildFile; fileRef = 33781B11222280D700F3B9D1 /* Assets.xcassets */; };
		33781B15222280D700F3B9D1 /* LaunchScreen.storyboard in Resources */ = {isa = PBXBuildFile; fileRef = 33781B13222280D700F3B9D1 /* LaunchScreen.storyboard */; };
		33781B20222280D700F3B9D1 /* SampleProjectTests.swift in Sources */ = {isa = PBXBuildFile; fileRef = 33781B1F222280D700F3B9D1 /* SampleProjectTests.swift */; };
		33781B2B222280D700F3B9D1 /* SampleProjectUITests.swift in Sources */ = {isa = PBXBuildFile; fileRef = 33781B2A222280D700F3B9D1 /* SampleProjectUITests.swift */; };
		33781B392222825B00F3B9D1 /* Conforming.xib in Resources */ = {isa = PBXBuildFile; fileRef = 33781B382222825B00F3B9D1 /* Conforming.xib */; };
		33781B3B222282B500F3B9D1 /* Offending.xib in Resources */ = {isa = PBXBuildFile; fileRef = 33781B3A222282B500F3B9D1 /* Offending.xib */; };
		33941F99223549000044F670 /* IgnoreXib.xib in Resources */ = {isa = PBXBuildFile; fileRef = 33941F98223549000044F670 /* IgnoreXib.xib */; };
		33941F9B2235492C0044F670 /* IgnoreStoryboard.storyboard in Resources */ = {isa = PBXBuildFile; fileRef = 33941F9A2235492C0044F670 /* IgnoreStoryboard.storyboard */; };
		33941F9D2235495A0044F670 /* NoAutolayoutStoryboard.storyboard in Resources */ = {isa = PBXBuildFile; fileRef = 33941F9C2235495A0044F670 /* NoAutolayoutStoryboard.storyboard */; };
		33941F9F223549870044F670 /* NoAutolayoutXib.xib in Resources */ = {isa = PBXBuildFile; fileRef = 33941F9E223549870044F670 /* NoAutolayoutXib.xib */; };
/* End PBXBuildFile section */

/* Begin PBXContainerItemProxy section */
		33781B1C222280D700F3B9D1 /* PBXContainerItemProxy */ = {
			isa = PBXContainerItemProxy;
			containerPortal = 33781AFF222280D500F3B9D1 /* Project object */;
			proxyType = 1;
			remoteGlobalIDString = 33781B06222280D500F3B9D1;
			remoteInfo = SampleProject;
		};
		33781B27222280D700F3B9D1 /* PBXContainerItemProxy */ = {
			isa = PBXContainerItemProxy;
			containerPortal = 33781AFF222280D500F3B9D1 /* Project object */;
			proxyType = 1;
			remoteGlobalIDString = 33781B06222280D500F3B9D1;
			remoteInfo = SampleProject;
		};
/* End PBXContainerItemProxy section */

/* Begin PBXFileReference section */
		33781B07222280D500F3B9D1 /* SampleProject.app */ = {isa = PBXFileReference; explicitFileType = wrapper.application; includeInIndex = 0; path = SampleProject.app; sourceTree = BUILT_PRODUCTS_DIR; };
		33781B0A222280D500F3B9D1 /* AppDelegate.swift */ = {isa = PBXFileReference; lastKnownFileType = sourcecode.swift; path = AppDelegate.swift; sourceTree = "<group>"; };
		33781B0C222280D500F3B9D1 /* ViewController.swift */ = {isa = PBXFileReference; lastKnownFileType = sourcecode.swift; path = ViewController.swift; sourceTree = "<group>"; };
		33781B0F222280D500F3B9D1 /* Base */ = {isa = PBXFileReference; lastKnownFileType = file.storyboard; name = Base; path = Base.lproj/Main.storyboard; sourceTree = "<group>"; };
		33781B11222280D700F3B9D1 /* Assets.xcassets */ = {isa = PBXFileReference; lastKnownFileType = folder.assetcatalog; path = Assets.xcassets; sourceTree = "<group>"; };
		33781B14222280D700F3B9D1 /* Base */ = {isa = PBXFileReference; lastKnownFileType = file.storyboard; name = Base; path = Base.lproj/LaunchScreen.storyboard; sourceTree = "<group>"; };
		33781B16222280D700F3B9D1 /* Info.plist */ = {isa = PBXFileReference; lastKnownFileType = text.plist.xml; path = Info.plist; sourceTree = "<group>"; };
		33781B1B222280D700F3B9D1 /* SampleProjectTests.xctest */ = {isa = PBXFileReference; explicitFileType = wrapper.cfbundle; includeInIndex = 0; path = SampleProjectTests.xctest; sourceTree = BUILT_PRODUCTS_DIR; };
		33781B1F222280D700F3B9D1 /* SampleProjectTests.swift */ = {isa = PBXFileReference; lastKnownFileType = sourcecode.swift; path = SampleProjectTests.swift; sourceTree = "<group>"; };
		33781B21222280D700F3B9D1 /* Info.plist */ = {isa = PBXFileReference; lastKnownFileType = text.plist.xml; path = Info.plist; sourceTree = "<group>"; };
		33781B26222280D700F3B9D1 /* SampleProjectUITests.xctest */ = {isa = PBXFileReference; explicitFileType = wrapper.cfbundle; includeInIndex = 0; path = SampleProjectUITests.xctest; sourceTree = BUILT_PRODUCTS_DIR; };
		33781B2A222280D700F3B9D1 /* SampleProjectUITests.swift */ = {isa = PBXFileReference; lastKnownFileType = sourcecode.swift; path = SampleProjectUITests.swift; sourceTree = "<group>"; };
		33781B2C222280D700F3B9D1 /* Info.plist */ = {isa = PBXFileReference; lastKnownFileType = text.plist.xml; path = Info.plist; sourceTree = "<group>"; };
		33781B382222825B00F3B9D1 /* Conforming.xib */ = {isa = PBXFileReference; lastKnownFileType = file.xib; path = Conforming.xib; sourceTree = "<group>"; };
		33781B3A222282B500F3B9D1 /* Offending.xib */ = {isa = PBXFileReference; lastKnownFileType = file.xib; path = Offending.xib; sourceTree = "<group>"; };
		33941F98223549000044F670 /* IgnoreXib.xib */ = {isa = PBXFileReference; lastKnownFileType = file.xib; path = IgnoreXib.xib; sourceTree = "<group>"; };
		33941F9A2235492C0044F670 /* IgnoreStoryboard.storyboard */ = {isa = PBXFileReference; lastKnownFileType = file.storyboard; path = IgnoreStoryboard.storyboard; sourceTree = "<group>"; };
		33941F9C2235495A0044F670 /* NoAutolayoutStoryboard.storyboard */ = {isa = PBXFileReference; lastKnownFileType = file.storyboard; path = NoAutolayoutStoryboard.storyboard; sourceTree = "<group>"; };
		33941F9E223549870044F670 /* NoAutolayoutXib.xib */ = {isa = PBXFileReference; lastKnownFileType = file.xib; path = NoAutolayoutXib.xib; sourceTree = "<group>"; };
/* End PBXFileReference section */

/* Begin PBXFrameworksBuildPhase section */
		33781B04222280D500F3B9D1 /* Frameworks */ = {
			isa = PBXFrameworksBuildPhase;
			buildActionMask = 2147483647;
			files = (
			);
			runOnlyForDeploymentPostprocessing = 0;
		};
		33781B18222280D700F3B9D1 /* Frameworks */ = {
			isa = PBXFrameworksBuildPhase;
			buildActionMask = 2147483647;
			files = (
			);
			runOnlyForDeploymentPostprocessing = 0;
		};
		33781B23222280D700F3B9D1 /* Frameworks */ = {
			isa = PBXFrameworksBuildPhase;
			buildActionMask = 2147483647;
			files = (
			);
			runOnlyForDeploymentPostprocessing = 0;
		};
/* End PBXFrameworksBuildPhase section */

/* Begin PBXGroup section */
		33781AFE222280D500F3B9D1 = {
			isa = PBXGroup;
			children = (
				33781B09222280D500F3B9D1 /* SampleProject */,
				33781B1E222280D700F3B9D1 /* SampleProjectTests */,
				33781B29222280D700F3B9D1 /* SampleProjectUITests */,
				33781B08222280D500F3B9D1 /* Products */,
			);
			sourceTree = "<group>";
		};
		33781B08222280D500F3B9D1 /* Products */ = {
			isa = PBXGroup;
			children = (
				33781B07222280D500F3B9D1 /* SampleProject.app */,
				33781B1B222280D700F3B9D1 /* SampleProjectTests.xctest */,
				33781B26222280D700F3B9D1 /* SampleProjectUITests.xctest */,
			);
			name = Products;
			sourceTree = "<group>";
		};
		33781B09222280D500F3B9D1 /* SampleProject */ = {
			isa = PBXGroup;
			children = (
				33781B0A222280D500F3B9D1 /* AppDelegate.swift */,
				33781B0C222280D500F3B9D1 /* ViewController.swift */,
				33781B0E222280D500F3B9D1 /* Main.storyboard */,
				33781B382222825B00F3B9D1 /* Conforming.xib */,
				33781B3A222282B500F3B9D1 /* Offending.xib */,
				33941F98223549000044F670 /* IgnoreXib.xib */,
				33941F9A2235492C0044F670 /* IgnoreStoryboard.storyboard */,
				33941F9C2235495A0044F670 /* NoAutolayoutStoryboard.storyboard */,
				33941F9E223549870044F670 /* NoAutolayoutXib.xib */,
				33781B11222280D700F3B9D1 /* Assets.xcassets */,
				33781B13222280D700F3B9D1 /* LaunchScreen.storyboard */,
				33781B16222280D700F3B9D1 /* Info.plist */,
			);
			path = SampleProject;
			sourceTree = "<group>";
		};
		33781B1E222280D700F3B9D1 /* SampleProjectTests */ = {
			isa = PBXGroup;
			children = (
				33781B1F222280D700F3B9D1 /* SampleProjectTests.swift */,
				33781B21222280D700F3B9D1 /* Info.plist */,
			);
			path = SampleProjectTests;
			sourceTree = "<group>";
		};
		33781B29222280D700F3B9D1 /* SampleProjectUITests */ = {
			isa = PBXGroup;
			children = (
				33781B2A222280D700F3B9D1 /* SampleProjectUITests.swift */,
				33781B2C222280D700F3B9D1 /* Info.plist */,
			);
			path = SampleProjectUITests;
			sourceTree = "<group>";
		};
/* End PBXGroup section */

/* Begin PBXNativeTarget section */
		33781B06222280D500F3B9D1 /* SampleProject */ = {
			isa = PBXNativeTarget;
			buildConfigurationList = 33781B2F222280D700F3B9D1 /* Build configuration list for PBXNativeTarget "SampleProject" */;
			buildPhases = (
				33781B03222280D500F3B9D1 /* Sources */,
				33781B04222280D500F3B9D1 /* Frameworks */,
				33781B05222280D500F3B9D1 /* Resources */,
			);
			buildRules = (
			);
			dependencies = (
			);
			name = SampleProject;
			productName = SampleProject;
			productReference = 33781B07222280D500F3B9D1 /* SampleProject.app */;
			productType = "com.apple.product-type.application";
		};
		33781B1A222280D700F3B9D1 /* SampleProjectTests */ = {
			isa = PBXNativeTarget;
			buildConfigurationList = 33781B32222280D700F3B9D1 /* Build configuration list for PBXNativeTarget "SampleProjectTests" */;
			buildPhases = (
				33781B17222280D700F3B9D1 /* Sources */,
				33781B18222280D700F3B9D1 /* Frameworks */,
				33781B19222280D700F3B9D1 /* Resources */,
			);
			buildRules = (
			);
			dependencies = (
				33781B1D222280D700F3B9D1 /* PBXTargetDependency */,
			);
			name = SampleProjectTests;
			productName = SampleProjectTests;
			productReference = 33781B1B222280D700F3B9D1 /* SampleProjectTests.xctest */;
			productType = "com.apple.product-type.bundle.unit-test";
		};
		33781B25222280D700F3B9D1 /* SampleProjectUITests */ = {
			isa = PBXNativeTarget;
			buildConfigurationList = 33781B35222280D700F3B9D1 /* Build configuration list for PBXNativeTarget "SampleProjectUITests" */;
			buildPhases = (
				33781B22222280D700F3B9D1 /* Sources */,
				33781B23222280D700F3B9D1 /* Frameworks */,
				33781B24222280D700F3B9D1 /* Resources */,
			);
			buildRules = (
			);
			dependencies = (
				33781B28222280D700F3B9D1 /* PBXTargetDependency */,
			);
			name = SampleProjectUITests;
			productName = SampleProjectUITests;
			productReference = 33781B26222280D700F3B9D1 /* SampleProjectUITests.xctest */;
			productType = "com.apple.product-type.bundle.ui-testing";
		};
/* End PBXNativeTarget section */

/* Begin PBXProject section */
		33781AFF222280D500F3B9D1 /* Project object */ = {
			isa = PBXProject;
			attributes = {
				LastSwiftUpdateCheck = 1010;
				LastUpgradeCheck = 1010;
				ORGANIZATIONNAME = "Andrei Nagy";
				TargetAttributes = {
					33781B06222280D500F3B9D1 = {
						CreatedOnToolsVersion = 10.1;
					};
					33781B1A222280D700F3B9D1 = {
						CreatedOnToolsVersion = 10.1;
						TestTargetID = 33781B06222280D500F3B9D1;
					};
					33781B25222280D700F3B9D1 = {
						CreatedOnToolsVersion = 10.1;
						TestTargetID = 33781B06222280D500F3B9D1;
					};
				};
			};
			buildConfigurationList = 33781B02222280D500F3B9D1 /* Build configuration list for PBXProject "SampleProject" */;
			compatibilityVersion = "Xcode 9.3";
			developmentRegion = en;
			hasScannedForEncodings = 0;
			knownRegions = (
				en,
				Base,
			);
			mainGroup = 33781AFE222280D500F3B9D1;
			productRefGroup = 33781B08222280D500F3B9D1 /* Products */;
			projectDirPath = "";
			projectRoot = "";
			targets = (
				33781B06222280D500F3B9D1 /* SampleProject */,
				33781B1A222280D700F3B9D1 /* SampleProjectTests */,
				33781B25222280D700F3B9D1 /* SampleProjectUITests */,
			);
		};
/* End PBXProject section */

/* Begin PBXResourcesBuildPhase section */
		33781B05222280D500F3B9D1 /* Resources */ = {
			isa = PBXResourcesBuildPhase;
			buildActionMask = 2147483647;
			files = (
				33781B15222280D700F3B9D1 /* LaunchScreen.storyboard in Resources */,
				33941F99223549000044F670 /* IgnoreXib.xib in Resources */,
				33941F9B2235492C0044F670 /* IgnoreStoryboard.storyboard in Resources */,
				33781B3B222282B500F3B9D1 /* Offending.xib in Resources */,
				33781B392222825B00F3B9D1 /* Conforming.xib in Resources */,
				33781B12222280D700F3B9D1 /* Assets.xcassets in Resources */,
				33781B10222280D500F3B9D1 /* Main.storyboard in Resources */,
				33941F9F223549870044F670 /* NoAutolayoutXib.xib in Resources */,
				33941F9D2235495A0044F670 /* NoAutolayoutStoryboard.storyboard in Resources */,
			);
			runOnlyForDeploymentPostprocessing = 0;
		};
		33781B19222280D700F3B9D1 /* Resources */ = {
			isa = PBXResourcesBuildPhase;
			buildActionMask = 2147483647;
			files = (
			);
			runOnlyForDeploymentPostprocessing = 0;
		};
		33781B24222280D700F3B9D1 /* Resources */ = {
			isa = PBXResourcesBuildPhase;
			buildActionMask = 2147483647;
			files = (
			);
			runOnlyForDeploymentPostprocessing = 0;
		};
/* End PBXResourcesBuildPhase section */

/* Begin PBXSourcesBuildPhase section */
		33781B03222280D500F3B9D1 /* Sources */ = {
			isa = PBXSourcesBuildPhase;
			buildActionMask = 2147483647;
			files = (
				33781B0D222280D500F3B9D1 /* ViewController.swift in Sources */,
				33781B0B222280D500F3B9D1 /* AppDelegate.swift in Sources */,
			);
			runOnlyForDeploymentPostprocessing = 0;
		};
		33781B17222280D700F3B9D1 /* Sources */ = {
			isa = PBXSourcesBuildPhase;
			buildActionMask = 2147483647;
			files = (
				33781B20222280D700F3B9D1 /* SampleProjectTests.swift in Sources */,
			);
			runOnlyForDeploymentPostprocessing = 0;
		};
		33781B22222280D700F3B9D1 /* Sources */ = {
			isa = PBXSourcesBuildPhase;
			buildActionMask = 2147483647;
			files = (
				33781B2B222280D700F3B9D1 /* SampleProjectUITests.swift in Sources */,
			);
			runOnlyForDeploymentPostprocessing = 0;
		};
/* End PBXSourcesBuildPhase section */

/* Begin PBXTargetDependency section */
		33781B1D222280D700F3B9D1 /* PBXTargetDependency */ = {
			isa = PBXTargetDependency;
			target = 33781B06222280D500F3B9D1 /* SampleProject */;
			targetProxy = 33781B1C222280D700F3B9D1 /* PBXContainerItemProxy */;
		};
		33781B28222280D700F3B9D1 /* PBXTargetDependency */ = {
			isa = PBXTargetDependency;
			target = 33781B06222280D500F3B9D1 /* SampleProject */;
			targetProxy = 33781B27222280D700F3B9D1 /* PBXContainerItemProxy */;
		};
/* End PBXTargetDependency section */

/* Begin PBXVariantGroup section */
		33781B0E222280D500F3B9D1 /* Main.storyboard */ = {
			isa = PBXVariantGroup;
			children = (
				33781B0F222280D500F3B9D1 /* Base */,
			);
			name = Main.storyboard;
			sourceTree = "<group>";
		};
		33781B13222280D700F3B9D1 /* LaunchScreen.storyboard */ = {
			isa = PBXVariantGroup;
			children = (
				33781B14222280D700F3B9D1 /* Base */,
			);
			name = LaunchScreen.storyboard;
			sourceTree = "<group>";
		};
/* End PBXVariantGroup section */

/* Begin XCBuildConfiguration section */
		33781B2D222280D700F3B9D1 /* Debug */ = {
			isa = XCBuildConfiguration;
			buildSettings = {
				ALWAYS_SEARCH_USER_PATHS = NO;
				CLANG_ANALYZER_NONNULL = YES;
				CLANG_ANALYZER_NUMBER_OBJECT_CONVERSION = YES_AGGRESSIVE;
				CLANG_CXX_LANGUAGE_STANDARD = "gnu++14";
				CLANG_CXX_LIBRARY = "libc++";
				CLANG_ENABLE_MODULES = YES;
				CLANG_ENABLE_OBJC_ARC = YES;
				CLANG_ENABLE_OBJC_WEAK = YES;
				CLANG_WARN_BLOCK_CAPTURE_AUTORELEASING = YES;
				CLANG_WARN_BOOL_CONVERSION = YES;
				CLANG_WARN_COMMA = YES;
				CLANG_WARN_CONSTANT_CONVERSION = YES;
				CLANG_WARN_DEPRECATED_OBJC_IMPLEMENTATIONS = YES;
				CLANG_WARN_DIRECT_OBJC_ISA_USAGE = YES_ERROR;
				CLANG_WARN_DOCUMENTATION_COMMENTS = YES;
				CLANG_WARN_EMPTY_BODY = YES;
				CLANG_WARN_ENUM_CONVERSION = YES;
				CLANG_WARN_INFINITE_RECURSION = YES;
				CLANG_WARN_INT_CONVERSION = YES;
				CLANG_WARN_NON_LITERAL_NULL_CONVERSION = YES;
				CLANG_WARN_OBJC_IMPLICIT_RETAIN_SELF = YES;
				CLANG_WARN_OBJC_LITERAL_CONVERSION = YES;
				CLANG_WARN_OBJC_ROOT_CLASS = YES_ERROR;
				CLANG_WARN_RANGE_LOOP_ANALYSIS = YES;
				CLANG_WARN_STRICT_PROTOTYPES = YES;
				CLANG_WARN_SUSPICIOUS_MOVE = YES;
				CLANG_WARN_UNGUARDED_AVAILABILITY = YES_AGGRESSIVE;
				CLANG_WARN_UNREACHABLE_CODE = YES;
				CLANG_WARN__DUPLICATE_METHOD_MATCH = YES;
				CODE_SIGN_IDENTITY = "iPhone Developer";
				COPY_PHASE_STRIP = NO;
				DEBUG_INFORMATION_FORMAT = dwarf;
				ENABLE_STRICT_OBJC_MSGSEND = YES;
				ENABLE_TESTABILITY = YES;
				GCC_C_LANGUAGE_STANDARD = gnu11;
				GCC_DYNAMIC_NO_PIC = NO;
				GCC_NO_COMMON_BLOCKS = YES;
				GCC_OPTIMIZATION_LEVEL = 0;
				GCC_PREPROCESSOR_DEFINITIONS = (
					"DEBUG=1",
					"$(inherited)",
				);
				GCC_WARN_64_TO_32_BIT_CONVERSION = YES;
				GCC_WARN_ABOUT_RETURN_TYPE = YES_ERROR;
				GCC_WARN_UNDECLARED_SELECTOR = YES;
				GCC_WARN_UNINITIALIZED_AUTOS = YES_AGGRESSIVE;
				GCC_WARN_UNUSED_FUNCTION = YES;
				GCC_WARN_UNUSED_VARIABLE = YES;
				IPHONEOS_DEPLOYMENT_TARGET = 12.1;
				MTL_ENABLE_DEBUG_INFO = INCLUDE_SOURCE;
				MTL_FAST_MATH = YES;
				ONLY_ACTIVE_ARCH = YES;
				SDKROOT = iphoneos;
				SWIFT_ACTIVE_COMPILATION_CONDITIONS = DEBUG;
				SWIFT_OPTIMIZATION_LEVEL = "-Onone";
			};
			name = Debug;
		};
		33781B2E222280D700F3B9D1 /* Release */ = {
			isa = XCBuildConfiguration;
			buildSettings = {
				ALWAYS_SEARCH_USER_PATHS = NO;
				CLANG_ANALYZER_NONNULL = YES;
				CLANG_ANALYZER_NUMBER_OBJECT_CONVERSION = YES_AGGRESSIVE;
				CLANG_CXX_LANGUAGE_STANDARD = "gnu++14";
				CLANG_CXX_LIBRARY = "libc++";
				CLANG_ENABLE_MODULES = YES;
				CLANG_ENABLE_OBJC_ARC = YES;
				CLANG_ENABLE_OBJC_WEAK = YES;
				CLANG_WARN_BLOCK_CAPTURE_AUTORELEASING = YES;
				CLANG_WARN_BOOL_CONVERSION = YES;
				CLANG_WARN_COMMA = YES;
				CLANG_WARN_CONSTANT_CONVERSION = YES;
				CLANG_WARN_DEPRECATED_OBJC_IMPLEMENTATIONS = YES;
				CLANG_WARN_DIRECT_OBJC_ISA_USAGE = YES_ERROR;
				CLANG_WARN_DOCUMENTATION_COMMENTS = YES;
				CLANG_WARN_EMPTY_BODY = YES;
				CLANG_WARN_ENUM_CONVERSION = YES;
				CLANG_WARN_INFINITE_RECURSION = YES;
				CLANG_WARN_INT_CONVERSION = YES;
				CLANG_WARN_NON_LITERAL_NULL_CONVERSION = YES;
				CLANG_WARN_OBJC_IMPLICIT_RETAIN_SELF = YES;
				CLANG_WARN_OBJC_LITERAL_CONVERSION = YES;
				CLANG_WARN_OBJC_ROOT_CLASS = YES_ERROR;
				CLANG_WARN_RANGE_LOOP_ANALYSIS = YES;
				CLANG_WARN_STRICT_PROTOTYPES = YES;
				CLANG_WARN_SUSPICIOUS_MOVE = YES;
				CLANG_WARN_UNGUARDED_AVAILABILITY = YES_AGGRESSIVE;
				CLANG_WARN_UNREACHABLE_CODE = YES;
				CLANG_WARN__DUPLICATE_METHOD_MATCH = YES;
				CODE_SIGN_IDENTITY = "iPhone Developer";
				COPY_PHASE_STRIP = NO;
				DEBUG_INFORMATION_FORMAT = "dwarf-with-dsym";
				ENABLE_NS_ASSERTIONS = NO;
				ENABLE_STRICT_OBJC_MSGSEND = YES;
				GCC_C_LANGUAGE_STANDARD = gnu11;
				GCC_NO_COMMON_BLOCKS = YES;
				GCC_WARN_64_TO_32_BIT_CONVERSION = YES;
				GCC_WARN_ABOUT_RETURN_TYPE = YES_ERROR;
				GCC_WARN_UNDECLARED_SELECTOR = YES;
				GCC_WARN_UNINITIALIZED_AUTOS = YES_AGGRESSIVE;
				GCC_WARN_UNUSED_FUNCTION = YES;
				GCC_WARN_UNUSED_VARIABLE = YES;
				IPHONEOS_DEPLOYMENT_TARGET = 12.1;
				MTL_ENABLE_DEBUG_INFO = NO;
				MTL_FAST_MATH = YES;
				SDKROOT = iphoneos;
				SWIFT_COMPILATION_MODE = wholemodule;
				SWIFT_OPTIMIZATION_LEVEL = "-O";
				VALIDATE_PRODUCT = YES;
			};
			name = Release;
		};
		33781B30222280D700F3B9D1 /* Debug */ = {
			isa = XCBuildConfiguration;
			buildSettings = {
				ASSETCATALOG_COMPILER_APPICON_NAME = AppIcon;
				CODE_SIGN_STYLE = Automatic;
				DEVELOPMENT_TEAM = VBJ8ACNKB5;
				INFOPLIST_FILE = SampleProject/Info.plist;
				LD_RUNPATH_SEARCH_PATHS = (
					"$(inherited)",
					"@executable_path/Frameworks",
				);
				PRODUCT_BUNDLE_IDENTIFIER = com.logicpods.SampleProject;
				PRODUCT_NAME = "$(TARGET_NAME)";
				SWIFT_VERSION = 4.2;
				TARGETED_DEVICE_FAMILY = "1,2";
			};
			name = Debug;
		};
		33781B31222280D700F3B9D1 /* Release */ = {
			isa = XCBuildConfiguration;
			buildSettings = {
				ASSETCATALOG_COMPILER_APPICON_NAME = AppIcon;
				CODE_SIGN_STYLE = Automatic;
				DEVELOPMENT_TEAM = VBJ8ACNKB5;
				INFOPLIST_FILE = SampleProject/Info.plist;
				LD_RUNPATH_SEARCH_PATHS = (
					"$(inherited)",
					"@executable_path/Frameworks",
				);
				PRODUCT_BUNDLE_IDENTIFIER = com.logicpods.SampleProject;
				PRODUCT_NAME = "$(TARGET_NAME)";
				SWIFT_VERSION = 4.2;
				TARGETED_DEVICE_FAMILY = "1,2";
			};
			name = Release;
		};
		33781B33222280D700F3B9D1 /* Debug */ = {
			isa = XCBuildConfiguration;
			buildSettings = {
				ALWAYS_EMBED_SWIFT_STANDARD_LIBRARIES = YES;
				BUNDLE_LOADER = "$(TEST_HOST)";
				CODE_SIGN_STYLE = Automatic;
				DEVELOPMENT_TEAM = VBJ8ACNKB5;
				INFOPLIST_FILE = SampleProjectTests/Info.plist;
				LD_RUNPATH_SEARCH_PATHS = (
					"$(inherited)",
					"@executable_path/Frameworks",
					"@loader_path/Frameworks",
				);
				PRODUCT_BUNDLE_IDENTIFIER = com.logicpods.SampleProjectTests;
				PRODUCT_NAME = "$(TARGET_NAME)";
				SWIFT_VERSION = 4.2;
				TARGETED_DEVICE_FAMILY = "1,2";
				TEST_HOST = "$(BUILT_PRODUCTS_DIR)/SampleProject.app/SampleProject";
			};
			name = Debug;
		};
		33781B34222280D700F3B9D1 /* Release */ = {
			isa = XCBuildConfiguration;
			buildSettings = {
				ALWAYS_EMBED_SWIFT_STANDARD_LIBRARIES = YES;
				BUNDLE_LOADER = "$(TEST_HOST)";
				CODE_SIGN_STYLE = Automatic;
				DEVELOPMENT_TEAM = VBJ8ACNKB5;
				INFOPLIST_FILE = SampleProjectTests/Info.plist;
				LD_RUNPATH_SEARCH_PATHS = (
					"$(inherited)",
					"@executable_path/Frameworks",
					"@loader_path/Frameworks",
				);
				PRODUCT_BUNDLE_IDENTIFIER = com.logicpods.SampleProjectTests;
				PRODUCT_NAME = "$(TARGET_NAME)";
				SWIFT_VERSION = 4.2;
				TARGETED_DEVICE_FAMILY = "1,2";
				TEST_HOST = "$(BUILT_PRODUCTS_DIR)/SampleProject.app/SampleProject";
			};
			name = Release;
		};
		33781B36222280D700F3B9D1 /* Debug */ = {
			isa = XCBuildConfiguration;
			buildSettings = {
				ALWAYS_EMBED_SWIFT_STANDARD_LIBRARIES = YES;
				CODE_SIGN_STYLE = Automatic;
				DEVELOPMENT_TEAM = VBJ8ACNKB5;
				INFOPLIST_FILE = SampleProjectUITests/Info.plist;
				LD_RUNPATH_SEARCH_PATHS = (
					"$(inherited)",
					"@executable_path/Frameworks",
					"@loader_path/Frameworks",
				);
				PRODUCT_BUNDLE_IDENTIFIER = com.logicpods.SampleProjectUITests;
				PRODUCT_NAME = "$(TARGET_NAME)";
				SWIFT_VERSION = 4.2;
				TARGETED_DEVICE_FAMILY = "1,2";
				TEST_TARGET_NAME = SampleProject;
			};
			name = Debug;
		};
		33781B37222280D700F3B9D1 /* Release */ = {
			isa = XCBuildConfiguration;
			buildSettings = {
				ALWAYS_EMBED_SWIFT_STANDARD_LIBRARIES = YES;
				CODE_SIGN_STYLE = Automatic;
				DEVELOPMENT_TEAM = VBJ8ACNKB5;
				INFOPLIST_FILE = SampleProjectUITests/Info.plist;
				LD_RUNPATH_SEARCH_PATHS = (
					"$(inherited)",
					"@executable_path/Frameworks",
					"@loader_path/Frameworks",
				);
				PRODUCT_BUNDLE_IDENTIFIER = com.logicpods.SampleProjectUITests;
				PRODUCT_NAME = "$(TARGET_NAME)";
				SWIFT_VERSION = 4.2;
				TARGETED_DEVICE_FAMILY = "1,2";
				TEST_TARGET_NAME = SampleProject;
			};
			name = Release;
		};
/* End XCBuildConfiguration section */

/* Begin XCConfigurationList section */
		33781B02222280D500F3B9D1 /* Build configuration list for PBXProject "SampleProject" */ = {
			isa = XCConfigurationList;
			buildConfigurations = (
				33781B2D222280D700F3B9D1 /* Debug */,
				33781B2E222280D700F3B9D1 /* Release */,
			);
			defaultConfigurationIsVisible = 0;
			defaultConfigurationName = Release;
		};
		33781B2F222280D700F3B9D1 /* Build configuration list for PBXNativeTarget "SampleProject" */ = {
			isa = XCConfigurationList;
			buildConfigurations = (
				33781B30222280D700F3B9D1 /* Debug */,
				33781B31222280D700F3B9D1 /* Release */,
			);
			defaultConfigurationIsVisible = 0;
			defaultConfigurationName = Release;
		};
		33781B32222280D700F3B9D1 /* Build configuration list for PBXNativeTarget "SampleProjectTests" */ = {
			isa = XCConfigurationList;
			buildConfigurations = (
				33781B33222280D700F3B9D1 /* Debug */,
				33781B34222280D700F3B9D1 /* Release */,
			);
			defaultConfigurationIsVisible = 0;
			defaultConfigurationName = Release;
		};
		33781B35222280D700F3B9D1 /* Build configuration list for PBXNativeTarget "SampleProjectUITests" */ = {
			isa = XCConfigurationList;
			buildConfigurations = (
				33781B36222280D700F3B9D1 /* Debug */,
				33781B37222280D700F3B9D1 /* Release */,
			);
			defaultConfigurationIsVisible = 0;
			defaultConfigurationName = Release;
		};
/* End XCConfigurationList section */
	};
	rootObject = 33781AFF222280D500F3B9D1 /* Project object */;
}
